// !$*UTF8*$!
{
	archiveVersion = 1;
	classes = {
	};
	objectVersion = 50;
	objects = {

/* Begin PBXBuildFile section */
		0B0BAC21CAF427F72D8B6CD2 /* Pods_TestUploadDemo.framework in Frameworks */ = {isa = PBXBuildFile; fileRef = 3A64826E9BD56987FF01F5D9 /* Pods_TestUploadDemo.framework */; };
		6120D0C920BD44DD00EB40C6 /* AppDelegate.swift in Sources */ = {isa = PBXBuildFile; fileRef = 6120D0C820BD44DD00EB40C6 /* AppDelegate.swift */; };
		6120D0CB20BD44DD00EB40C6 /* ViewController.swift in Sources */ = {isa = PBXBuildFile; fileRef = 6120D0CA20BD44DD00EB40C6 /* ViewController.swift */; };
		6120D0CE20BD44DD00EB40C6 /* Main.storyboard in Resources */ = {isa = PBXBuildFile; fileRef = 6120D0CC20BD44DD00EB40C6 /* Main.storyboard */; };
		6120D0D020BD44DE00EB40C6 /* Assets.xcassets in Resources */ = {isa = PBXBuildFile; fileRef = 6120D0CF20BD44DE00EB40C6 /* Assets.xcassets */; };
		6120D0D320BD44DE00EB40C6 /* LaunchScreen.storyboard in Resources */ = {isa = PBXBuildFile; fileRef = 6120D0D120BD44DE00EB40C6 /* LaunchScreen.storyboard */; };
		6120D0DB20BD46AD00EB40C6 /* CRUploadPictureViewModel.swift in Sources */ = {isa = PBXBuildFile; fileRef = 6120D0DA20BD46AD00EB40C6 /* CRUploadPictureViewModel.swift */; };
/* End PBXBuildFile section */

/* Begin PBXFileReference section */
		3A64826E9BD56987FF01F5D9 /* Pods_TestUploadDemo.framework */ = {isa = PBXFileReference; explicitFileType = wrapper.framework; includeInIndex = 0; path = Pods_TestUploadDemo.framework; sourceTree = BUILT_PRODUCTS_DIR; };
		548785F2863EBDDF6DB09CAD /* Pods-TestUploadDemo.release.xcconfig */ = {isa = PBXFileReference; includeInIndex = 1; lastKnownFileType = text.xcconfig; name = "Pods-TestUploadDemo.release.xcconfig"; path = "Pods/Target Support Files/Pods-TestUploadDemo/Pods-TestUploadDemo.release.xcconfig"; sourceTree = "<group>"; };
		6120D0C520BD44DD00EB40C6 /* TestUploadDemo.app */ = {isa = PBXFileReference; explicitFileType = wrapper.application; includeInIndex = 0; path = TestUploadDemo.app; sourceTree = BUILT_PRODUCTS_DIR; };
		6120D0C820BD44DD00EB40C6 /* AppDelegate.swift */ = {isa = PBXFileReference; lastKnownFileType = sourcecode.swift; path = AppDelegate.swift; sourceTree = "<group>"; };
		6120D0CA20BD44DD00EB40C6 /* ViewController.swift */ = {isa = PBXFileReference; lastKnownFileType = sourcecode.swift; path = ViewController.swift; sourceTree = "<group>"; };
		6120D0CD20BD44DD00EB40C6 /* Base */ = {isa = PBXFileReference; lastKnownFileType = file.storyboard; name = Base; path = Base.lproj/Main.storyboard; sourceTree = "<group>"; };
		6120D0CF20BD44DE00EB40C6 /* Assets.xcassets */ = {isa = PBXFileReference; lastKnownFileType = folder.assetcatalog; path = Assets.xcassets; sourceTree = "<group>"; };
		6120D0D220BD44DE00EB40C6 /* Base */ = {isa = PBXFileReference; lastKnownFileType = file.storyboard; name = Base; path = Base.lproj/LaunchScreen.storyboard; sourceTree = "<group>"; };
		6120D0D420BD44DE00EB40C6 /* Info.plist */ = {isa = PBXFileReference; lastKnownFileType = text.plist.xml; path = Info.plist; sourceTree = "<group>"; };
		6120D0DA20BD46AD00EB40C6 /* CRUploadPictureViewModel.swift */ = {isa = PBXFileReference; fileEncoding = 4; lastKnownFileType = sourcecode.swift; path = CRUploadPictureViewModel.swift; sourceTree = "<group>"; };
		BC6B2D859578BF0F5711EC24 /* Pods-TestUploadDemo.debug.xcconfig */ = {isa = PBXFileReference; includeInIndex = 1; lastKnownFileType = text.xcconfig; name = "Pods-TestUploadDemo.debug.xcconfig"; path = "Pods/Target Support Files/Pods-TestUploadDemo/Pods-TestUploadDemo.debug.xcconfig"; sourceTree = "<group>"; };
/* End PBXFileReference section */

/* Begin PBXFrameworksBuildPhase section */
		6120D0C220BD44DD00EB40C6 /* Frameworks */ = {
			isa = PBXFrameworksBuildPhase;
			buildActionMask = 2147483647;
			files = (
				0B0BAC21CAF427F72D8B6CD2 /* Pods_TestUploadDemo.framework in Frameworks */,
			);
			runOnlyForDeploymentPostprocessing = 0;
		};
/* End PBXFrameworksBuildPhase section */

/* Begin PBXGroup section */
		45D89539CFBC799F8C842BA1 /* Pods */ = {
			isa = PBXGroup;
			children = (
				BC6B2D859578BF0F5711EC24 /* Pods-TestUploadDemo.debug.xcconfig */,
				548785F2863EBDDF6DB09CAD /* Pods-TestUploadDemo.release.xcconfig */,
			);
			name = Pods;
			sourceTree = "<group>";
		};
		5C27B0120DBA2D407E2B2C55 /* Frameworks */ = {
			isa = PBXGroup;
			children = (
				3A64826E9BD56987FF01F5D9 /* Pods_TestUploadDemo.framework */,
			);
			name = Frameworks;
			sourceTree = "<group>";
		};
		6120D0BC20BD44DD00EB40C6 = {
			isa = PBXGroup;
			children = (
				6120D0C720BD44DD00EB40C6 /* TestUploadDemo */,
				6120D0C620BD44DD00EB40C6 /* Products */,
				45D89539CFBC799F8C842BA1 /* Pods */,
				5C27B0120DBA2D407E2B2C55 /* Frameworks */,
			);
			sourceTree = "<group>";
		};
		6120D0C620BD44DD00EB40C6 /* Products */ = {
			isa = PBXGroup;
			children = (
				6120D0C520BD44DD00EB40C6 /* TestUploadDemo.app */,
			);
			name = Products;
			sourceTree = "<group>";
		};
		6120D0C720BD44DD00EB40C6 /* TestUploadDemo */ = {
			isa = PBXGroup;
			children = (
				6120D0C820BD44DD00EB40C6 /* AppDelegate.swift */,
				6120D0CA20BD44DD00EB40C6 /* ViewController.swift */,
				6120D0DA20BD46AD00EB40C6 /* CRUploadPictureViewModel.swift */,
				6120D0CC20BD44DD00EB40C6 /* Main.storyboard */,
				6120D0CF20BD44DE00EB40C6 /* Assets.xcassets */,
				6120D0D120BD44DE00EB40C6 /* LaunchScreen.storyboard */,
				6120D0D420BD44DE00EB40C6 /* Info.plist */,
			);
			path = TestUploadDemo;
			sourceTree = "<group>";
		};
/* End PBXGroup section */

/* Begin PBXNativeTarget section */
		6120D0C420BD44DD00EB40C6 /* TestUploadDemo */ = {
			isa = PBXNativeTarget;
			buildConfigurationList = 6120D0D720BD44DE00EB40C6 /* Build configuration list for PBXNativeTarget "TestUploadDemo" */;
			buildPhases = (
				9F8F1E8E46BEF566EAD5E65B /* [CP] Check Pods Manifest.lock */,
				6120D0C120BD44DD00EB40C6 /* Sources */,
				6120D0C220BD44DD00EB40C6 /* Frameworks */,
				6120D0C320BD44DD00EB40C6 /* Resources */,
				2471F79DECC2ADE73AE90222 /* [CP] Embed Pods Frameworks */,
				C0EFF7AAEB52C6699B2DA683 /* [CP] Copy Pods Resources */,
			);
			buildRules = (
			);
			dependencies = (
			);
			name = TestUploadDemo;
			productName = TestUploadDemo;
			productReference = 6120D0C520BD44DD00EB40C6 /* TestUploadDemo.app */;
			productType = "com.apple.product-type.application";
		};
/* End PBXNativeTarget section */

/* Begin PBXProject section */
		6120D0BD20BD44DD00EB40C6 /* Project object */ = {
			isa = PBXProject;
			attributes = {
				LastSwiftUpdateCheck = 0930;
				LastUpgradeCheck = 0930;
				ORGANIZATIONNAME = CRiOS;
				TargetAttributes = {
					6120D0C420BD44DD00EB40C6 = {
						CreatedOnToolsVersion = 9.3;
					};
				};
			};
			buildConfigurationList = 6120D0C020BD44DD00EB40C6 /* Build configuration list for PBXProject "TestUploadDemo" */;
			compatibilityVersion = "Xcode 9.3";
			developmentRegion = en;
			hasScannedForEncodings = 0;
			knownRegions = (
				en,
				Base,
			);
			mainGroup = 6120D0BC20BD44DD00EB40C6;
			productRefGroup = 6120D0C620BD44DD00EB40C6 /* Products */;
			projectDirPath = "";
			projectRoot = "";
			targets = (
				6120D0C420BD44DD00EB40C6 /* TestUploadDemo */,
			);
		};
/* End PBXProject section */

/* Begin PBXResourcesBuildPhase section */
		6120D0C320BD44DD00EB40C6 /* Resources */ = {
			isa = PBXResourcesBuildPhase;
			buildActionMask = 2147483647;
			files = (
				6120D0D320BD44DE00EB40C6 /* LaunchScreen.storyboard in Resources */,
				6120D0D020BD44DE00EB40C6 /* Assets.xcassets in Resources */,
				6120D0CE20BD44DD00EB40C6 /* Main.storyboard in Resources */,
			);
			runOnlyForDeploymentPostprocessing = 0;
		};
/* End PBXResourcesBuildPhase section */

/* Begin PBXShellScriptBuildPhase section */
		2471F79DECC2ADE73AE90222 /* [CP] Embed Pods Frameworks */ = {
			isa = PBXShellScriptBuildPhase;
			buildActionMask = 2147483647;
			files = (
			);
			inputPaths = (
				"${SRCROOT}/Pods/Target Support Files/Pods-TestUploadDemo/Pods-TestUploadDemo-frameworks.sh",
				"${BUILT_PRODUCTS_DIR}/Alamofire/Alamofire.framework",
				"${BUILT_PRODUCTS_DIR}/SwiftyJSON/SwiftyJSON.framework",
			);
			name = "[CP] Embed Pods Frameworks";
			outputPaths = (
				"${TARGET_BUILD_DIR}/${FRAMEWORKS_FOLDER_PATH}/Alamofire.framework",
				"${TARGET_BUILD_DIR}/${FRAMEWORKS_FOLDER_PATH}/SwiftyJSON.framework",
			);
			runOnlyForDeploymentPostprocessing = 0;
			shellPath = /bin/sh;
			shellScript = "\"${SRCROOT}/Pods/Target Support Files/Pods-TestUploadDemo/Pods-TestUploadDemo-frameworks.sh\"\n";
			showEnvVarsInLog = 0;
		};
		9F8F1E8E46BEF566EAD5E65B /* [CP] Check Pods Manifest.lock */ = {
			isa = PBXShellScriptBuildPhase;
			buildActionMask = 2147483647;
			files = (
			);
			inputPaths = (
				"${PODS_PODFILE_DIR_PATH}/Podfile.lock",
				"${PODS_ROOT}/Manifest.lock",
			);
			name = "[CP] Check Pods Manifest.lock";
			outputPaths = (
				"$(DERIVED_FILE_DIR)/Pods-TestUploadDemo-checkManifestLockResult.txt",
			);
			runOnlyForDeploymentPostprocessing = 0;
			shellPath = /bin/sh;
			shellScript = "diff \"${PODS_PODFILE_DIR_PATH}/Podfile.lock\" \"${PODS_ROOT}/Manifest.lock\" > /dev/null\nif [ $? != 0 ] ; then\n    # print error to STDERR\n    echo \"error: The sandbox is not in sync with the Podfile.lock. Run 'pod install' or update your CocoaPods installation.\" >&2\n    exit 1\nfi\n# This output is used by Xcode 'outputs' to avoid re-running this script phase.\necho \"SUCCESS\" > \"${SCRIPT_OUTPUT_FILE_0}\"\n";
			showEnvVarsInLog = 0;
		};
		C0EFF7AAEB52C6699B2DA683 /* [CP] Copy Pods Resources */ = {
			isa = PBXShellScriptBuildPhase;
			buildActionMask = 2147483647;
			files = (
			);
			inputPaths = (
			);
			name = "[CP] Copy Pods Resources";
			outputPaths = (
			);
			runOnlyForDeploymentPostprocessing = 0;
			shellPath = /bin/sh;
			shellScript = "\"${SRCROOT}/Pods/Target Support Files/Pods-TestUploadDemo/Pods-TestUploadDemo-resources.sh\"\n";
			showEnvVarsInLog = 0;
		};
/* End PBXShellScriptBuildPhase section */

/* Begin PBXSourcesBuildPhase section */
		6120D0C120BD44DD00EB40C6 /* Sources */ = {
			isa = PBXSourcesBuildPhase;
			buildActionMask = 2147483647;
			files = (
				6120D0CB20BD44DD00EB40C6 /* ViewController.swift in Sources */,
				6120D0C920BD44DD00EB40C6 /* AppDelegate.swift in Sources */,
				6120D0DB20BD46AD00EB40C6 /* CRUploadPictureViewModel.swift in Sources */,
			);
			runOnlyForDeploymentPostprocessing = 0;
		};
/* End PBXSourcesBuildPhase section */

/* Begin PBXVariantGroup section */
		6120D0CC20BD44DD00EB40C6 /* Main.storyboard */ = {
			isa = PBXVariantGroup;
			children = (
				6120D0CD20BD44DD00EB40C6 /* Base */,
			);
			name = Main.storyboard;
			sourceTree = "<group>";
		};
		6120D0D120BD44DE00EB40C6 /* LaunchScreen.storyboard */ = {
			isa = PBXVariantGroup;
			children = (
				6120D0D220BD44DE00EB40C6 /* Base */,
			);
			name = LaunchScreen.storyboard;
			sourceTree = "<group>";
		};
/* End PBXVariantGroup section */

/* Begin XCBuildConfiguration section */
		6120D0D520BD44DE00EB40C6 /* Debug */ = {
			isa = XCBuildConfiguration;
			buildSettings = {
				ALWAYS_SEARCH_USER_PATHS = NO;
				CLANG_ANALYZER_NONNULL = YES;
				CLANG_ANALYZER_NUMBER_OBJECT_CONVERSION = YES_AGGRESSIVE;
				CLANG_CXX_LANGUAGE_STANDARD = "gnu++14";
				CLANG_CXX_LIBRARY = "libc++";
				CLANG_ENABLE_MODULES = YES;
				CLANG_ENABLE_OBJC_ARC = YES;
				CLANG_ENABLE_OBJC_WEAK = YES;
				CLANG_WARN_BLOCK_CAPTURE_AUTORELEASING = YES;
				CLANG_WARN_BOOL_CONVERSION = YES;
				CLANG_WARN_COMMA = YES;
				CLANG_WARN_CONSTANT_CONVERSION = YES;
				CLANG_WARN_DEPRECATED_OBJC_IMPLEMENTATIONS = YES;
				CLANG_WARN_DIRECT_OBJC_ISA_USAGE = YES_ERROR;
				CLANG_WARN_DOCUMENTATION_COMMENTS = YES;
				CLANG_WARN_EMPTY_BODY = YES;
				CLANG_WARN_ENUM_CONVERSION = YES;
				CLANG_WARN_INFINITE_RECURSION = YES;
				CLANG_WARN_INT_CONVERSION = YES;
				CLANG_WARN_NON_LITERAL_NULL_CONVERSION = YES;
				CLANG_WARN_OBJC_IMPLICIT_RETAIN_SELF = YES;
				CLANG_WARN_OBJC_LITERAL_CONVERSION = YES;
				CLANG_WARN_OBJC_ROOT_CLASS = YES_ERROR;
				CLANG_WARN_RANGE_LOOP_ANALYSIS = YES;
				CLANG_WARN_STRICT_PROTOTYPES = YES;
				CLANG_WARN_SUSPICIOUS_MOVE = YES;
				CLANG_WARN_UNGUARDED_AVAILABILITY = YES_AGGRESSIVE;
				CLANG_WARN_UNREACHABLE_CODE = YES;
				CLANG_WARN__DUPLICATE_METHOD_MATCH = YES;
				CODE_SIGN_IDENTITY = "iPhone Developer";
				COPY_PHASE_STRIP = NO;
				DEBUG_INFORMATION_FORMAT = dwarf;
				ENABLE_STRICT_OBJC_MSGSEND = YES;
				ENABLE_TESTABILITY = YES;
				GCC_C_LANGUAGE_STANDARD = gnu11;
				GCC_DYNAMIC_NO_PIC = NO;
				GCC_NO_COMMON_BLOCKS = YES;
				GCC_OPTIMIZATION_LEVEL = 0;
				GCC_PREPROCESSOR_DEFINITIONS = (
					"DEBUG=1",
					"$(inherited)",
				);
				GCC_WARN_64_TO_32_BIT_CONVERSION = YES;
				GCC_WARN_ABOUT_RETURN_TYPE = YES_ERROR;
				GCC_WARN_UNDECLARED_SELECTOR = YES;
				GCC_WARN_UNINITIALIZED_AUTOS = YES_AGGRESSIVE;
				GCC_WARN_UNUSED_FUNCTION = YES;
				GCC_WARN_UNUSED_VARIABLE = YES;
				IPHONEOS_DEPLOYMENT_TARGET = 11.3;
				MTL_ENABLE_DEBUG_INFO = YES;
				ONLY_ACTIVE_ARCH = YES;
				SDKROOT = iphoneos;
				SWIFT_ACTIVE_COMPILATION_CONDITIONS = DEBUG;
				SWIFT_OPTIMIZATION_LEVEL = "-Onone";
			};
			name = Debug;
		};
		6120D0D620BD44DE00EB40C6 /* Release */ = {
			isa = XCBuildConfiguration;
			buildSettings = {
				ALWAYS_SEARCH_USER_PATHS = NO;
				CLANG_ANALYZER_NONNULL = YES;
				CLANG_ANALYZER_NUMBER_OBJECT_CONVERSION = YES_AGGRESSIVE;
				CLANG_CXX_LANGUAGE_STANDARD = "gnu++14";
				CLANG_CXX_LIBRARY = "libc++";
				CLANG_ENABLE_MODULES = YES;
				CLANG_ENABLE_OBJC_ARC = YES;
				CLANG_ENABLE_OBJC_WEAK = YES;
				CLANG_WARN_BLOCK_CAPTURE_AUTORELEASING = YES;
				CLANG_WARN_BOOL_CONVERSION = YES;
				CLANG_WARN_COMMA = YES;
				CLANG_WARN_CONSTANT_CONVERSION = YES;
				CLANG_WARN_DEPRECATED_OBJC_IMPLEMENTATIONS = YES;
				CLANG_WARN_DIRECT_OBJC_ISA_USAGE = YES_ERROR;
				CLANG_WARN_DOCUMENTATION_COMMENTS = YES;
				CLANG_WARN_EMPTY_BODY = YES;
				CLANG_WARN_ENUM_CONVERSION = YES;
				CLANG_WARN_INFINITE_RECURSION = YES;
				CLANG_WARN_INT_CONVERSION = YES;
				CLANG_WARN_NON_LITERAL_NULL_CONVERSION = YES;
				CLANG_WARN_OBJC_IMPLICIT_RETAIN_SELF = YES;
				CLANG_WARN_OBJC_LITERAL_CONVERSION = YES;
				CLANG_WARN_OBJC_ROOT_CLASS = YES_ERROR;
				CLANG_WARN_RANGE_LOOP_ANALYSIS = YES;
				CLANG_WARN_STRICT_PROTOTYPES = YES;
				CLANG_WARN_SUSPICIOUS_MOVE = YES;
				CLANG_WARN_UNGUARDED_AVAILABILITY = YES_AGGRESSIVE;
				CLANG_WARN_UNREACHABLE_CODE = YES;
				CLANG_WARN__DUPLICATE_METHOD_MATCH = YES;
				CODE_SIGN_IDENTITY = "iPhone Developer";
				COPY_PHASE_STRIP = NO;
				DEBUG_INFORMATION_FORMAT = "dwarf-with-dsym";
				ENABLE_NS_ASSERTIONS = NO;
				ENABLE_STRICT_OBJC_MSGSEND = YES;
				GCC_C_LANGUAGE_STANDARD = gnu11;
				GCC_NO_COMMON_BLOCKS = YES;
				GCC_WARN_64_TO_32_BIT_CONVERSION = YES;
				GCC_WARN_ABOUT_RETURN_TYPE = YES_ERROR;
				GCC_WARN_UNDECLARED_SELECTOR = YES;
				GCC_WARN_UNINITIALIZED_AUTOS = YES_AGGRESSIVE;
				GCC_WARN_UNUSED_FUNCTION = YES;
				GCC_WARN_UNUSED_VARIABLE = YES;
				IPHONEOS_DEPLOYMENT_TARGET = 11.3;
				MTL_ENABLE_DEBUG_INFO = NO;
				SDKROOT = iphoneos;
				SWIFT_COMPILATION_MODE = wholemodule;
				SWIFT_OPTIMIZATION_LEVEL = "-O";
				VALIDATE_PRODUCT = YES;
			};
			name = Release;
		};
		6120D0D820BD44DE00EB40C6 /* Debug */ = {
			isa = XCBuildConfiguration;
			baseConfigurationReference = BC6B2D859578BF0F5711EC24 /* Pods-TestUploadDemo.debug.xcconfig */;
			buildSettings = {
				ASSETCATALOG_COMPILER_APPICON_NAME = AppIcon;
				CODE_SIGN_STYLE = Automatic;
				INFOPLIST_FILE = TestUploadDemo/Info.plist;
				LD_RUNPATH_SEARCH_PATHS = (
					"$(inherited)",
					"@executable_path/Frameworks",
				);
				PRODUCT_BUNDLE_IDENTIFIER = cn.crios.TestUploadDemo;
				PRODUCT_NAME = "$(TARGET_NAME)";
				SWIFT_VERSION = 4.0;
				TARGETED_DEVICE_FAMILY = "1,2";
			};
			name = Debug;
		};
		6120D0D920BD44DE00EB40C6 /* Release */ = {
			isa = XCBuildConfiguration;
			baseConfigurationReference = 548785F2863EBDDF6DB09CAD /* Pods-TestUploadDemo.release.xcconfig */;
			buildSettings = {
				ASSETCATALOG_COMPILER_APPICON_NAME = AppIcon;
				CODE_SIGN_STYLE = Automatic;
				INFOPLIST_FILE = TestUploadDemo/Info.plist;
				LD_RUNPATH_SEARCH_PATHS = (
					"$(inherited)",
					"@executable_path/Frameworks",
				);
				PRODUCT_BUNDLE_IDENTIFIER = cn.crios.TestUploadDemo;
				PRODUCT_NAME = "$(TARGET_NAME)";
				SWIFT_VERSION = 4.0;
				TARGETED_DEVICE_FAMILY = "1,2";
			};
			name = Release;
		};
/* End XCBuildConfiguration section */

/* Begin XCConfigurationList section */
		6120D0C020BD44DD00EB40C6 /* Build configuration list for PBXProject "TestUploadDemo" */ = {
			isa = XCConfigurationList;
			buildConfigurations = (
				6120D0D520BD44DE00EB40C6 /* Debug */,
				6120D0D620BD44DE00EB40C6 /* Release */,
			);
			defaultConfigurationIsVisible = 0;
			defaultConfigurationName = Release;
		};
		6120D0D720BD44DE00EB40C6 /* Build configuration list for PBXNativeTarget "TestUploadDemo" */ = {
			isa = XCConfigurationList;
			buildConfigurations = (
				6120D0D820BD44DE00EB40C6 /* Debug */,
				6120D0D920BD44DE00EB40C6 /* Release */,
			);
			defaultConfigurationIsVisible = 0;
			defaultConfigurationName = Release;
		};
/* End XCConfigurationList section */
	};
	rootObject = 6120D0BD20BD44DD00EB40C6 /* Project object */;
}
